
Microsoft Visual Studio Solution File, Format Version 12.00
# Visual Studio Version 17
VisualStudioVersion = 17.0.31919.166
MinimumVisualStudioVersion = 10.0.40219.1
Project("{FAE04EC0-301F-11D3-BF4B-00C04F79EFBC}") = "DesafioUFNAtos", "DesafioUFNAtos\DesafioUFNAtos.csproj", "{9C95BAC1-DE80-42EC-AABE-EA9D0170D892}"
EndProject
Global
	GlobalSection(SolutionConfigurationPlatforms) = preSolution
		Debug|Any CPU = Debug|Any CPU
		Release|Any CPU = Release|Any CPU
	EndGlobalSection
	GlobalSection(ProjectConfigurationPlatforms) = postSolution
		{9C95BAC1-DE80-42EC-AABE-EA9D0170D892}.Debug|Any CPU.ActiveCfg = Debug|Any CPU
		{9C95BAC1-DE80-42EC-AABE-EA9D0170D892}.Debug|Any CPU.Build.0 = Debug|Any CPU
		{9C95BAC1-DE80-42EC-AABE-EA9D0170D892}.Release|Any CPU.ActiveCfg = Release|Any CPU
		{9C95BAC1-DE80-42EC-AABE-EA9D0170D892}.Release|Any CPU.Build.0 = Release|Any CPU
	EndGlobalSection
	GlobalSection(SolutionProperties) = preSolution
		HideSolutionNode = FALSE
	EndGlobalSection
	GlobalSection(ExtensibilityGlobals) = postSolution
		SolutionGuid = {9A51E4B6-28A5-47CB-A423-01619A57AC15}
	EndGlobalSection
EndGlobal
